
Microsoft Visual Studio Solution File, Format Version 12.00
# Visual Studio Version 17
VisualStudioVersion = 17.7.34221.43
MinimumVisualStudioVersion = 10.0.40219.1
Project("{FAE04EC0-301F-11D3-BF4B-00C04F79EFBC}") = "ToDoListProject.Api", "ToDoListProject.Api\ToDoListProject.Api.csproj", "{558425BC-6C9B-4199-AF4D-A3025452912E}"
EndProject
Global
	GlobalSection(SolutionConfigurationPlatforms) = preSolution
		Debug|Any CPU = Debug|Any CPU
		Release|Any CPU = Release|Any CPU
	EndGlobalSection
	GlobalSection(ProjectConfigurationPlatforms) = postSolution
		{558425BC-6C9B-4199-AF4D-A3025452912E}.Debug|Any CPU.ActiveCfg = Debug|Any CPU
		{558425BC-6C9B-4199-AF4D-A3025452912E}.Debug|Any CPU.Build.0 = Debug|Any CPU
		{558425BC-6C9B-4199-AF4D-A3025452912E}.Release|Any CPU.ActiveCfg = Release|Any CPU
		{558425BC-6C9B-4199-AF4D-A3025452912E}.Release|Any CPU.Build.0 = Release|Any CPU
	EndGlobalSection
	GlobalSection(SolutionProperties) = preSolution
		HideSolutionNode = FALSE
	EndGlobalSection
	GlobalSection(ExtensibilityGlobals) = postSolution
		SolutionGuid = {0E9BCAF2-4BDB-413D-800A-BDF586AB916D}
	EndGlobalSection
EndGlobal
